
Microsoft Visual Studio Solution File, Format Version 12.00
# Visual Studio Version 16
VisualStudioVersion = 16.0.29519.87
MinimumVisualStudioVersion = 10.0.40219.1
Project("{8BC9CEB8-8B4A-11D0-8D11-00A0C91BC942}") = "OpenGLBasico", "ImagensOpenGL.vcxproj", "{C10B4FE9-D430-48D2-934C-AE1599731174}"
EndProject
Global
	GlobalSection(SolutionConfigurationPlatforms) = preSolution
		Debug|Win32 = Debug|Win32
		Release|Win32 = Release|Win32
	EndGlobalSection
	GlobalSection(ProjectConfigurationPlatforms) = postSolution
		{C10B4FE9-D430-48D2-934C-AE1599731174}.Debug|Win32.ActiveCfg = Debug|Win32
		{C10B4FE9-D430-48D2-934C-AE1599731174}.Debug|Win32.Build.0 = Debug|Win32
		{C10B4FE9-D430-48D2-934C-AE1599731174}.Release|Win32.ActiveCfg = Release|Win32
		{C10B4FE9-D430-48D2-934C-AE1599731174}.Release|Win32.Build.0 = Release|Win32
	EndGlobalSection
	GlobalSection(SolutionProperties) = preSolution
		HideSolutionNode = FALSE
	EndGlobalSection
	GlobalSection(ExtensibilityGlobals) = postSolution
		SolutionGuid = {9A690DE4-6B6B-43A2-8AF7-A90250652B59}
	EndGlobalSection
EndGlobal
